
Microsoft Visual Studio Solution File, Format Version 12.00
# Visual Studio Version 17
VisualStudioVersion = 17.12.35521.163 d17.12
MinimumVisualStudioVersion = 10.0.40219.1
Project("{FAE04EC0-301F-11D3-BF4B-00C04F79EFBC}") = "HistoryTcheling_Backend.WebAPI", "HistoryTcheling_Backend.WebAPI\HistoryTcheling_Backend.WebAPI.csproj", "{FC33915D-1917-4FE0-8D17-89B3DD861B7F}"
EndProject
Project("{FAE04EC0-301F-11D3-BF4B-00C04F79EFBC}") = "HistoryTcheling_Backend.Domain", "HistoryTcheling_Backend.Domain\HistoryTcheling_Backend.Domain.csproj", "{F0C3C2A2-2AD8-4397-BF7E-0C74B816E014}"
EndProject
Project("{FAE04EC0-301F-11D3-BF4B-00C04F79EFBC}") = "HistoryTcheling_Backend.Application", "HistoryTcheling_Backend.Application\HistoryTcheling_Backend.Application.csproj", "{30A54B66-9E2D-4C41-9CBB-70FEF99FC5B6}"
EndProject
Project("{FAE04EC0-301F-11D3-BF4B-00C04F79EFBC}") = "HistoryTcheling_Backend.Infraestructure", "HistoryTcheling_Backend.Infraestructure\HistoryTcheling_Backend.Infraestructure.csproj", "{43B8F49B-CE91-4F61-B606-6A97CD758F18}"
EndProject
Global
	GlobalSection(SolutionConfigurationPlatforms) = preSolution
		Debug|Any CPU = Debug|Any CPU
		Release|Any CPU = Release|Any CPU
	EndGlobalSection
	GlobalSection(ProjectConfigurationPlatforms) = postSolution
		{FC33915D-1917-4FE0-8D17-89B3DD861B7F}.Debug|Any CPU.ActiveCfg = Debug|Any CPU
		{FC33915D-1917-4FE0-8D17-89B3DD861B7F}.Debug|Any CPU.Build.0 = Debug|Any CPU
		{FC33915D-1917-4FE0-8D17-89B3DD861B7F}.Release|Any CPU.ActiveCfg = Release|Any CPU
		{FC33915D-1917-4FE0-8D17-89B3DD861B7F}.Release|Any CPU.Build.0 = Release|Any CPU
		{F0C3C2A2-2AD8-4397-BF7E-0C74B816E014}.Debug|Any CPU.ActiveCfg = Debug|Any CPU
		{F0C3C2A2-2AD8-4397-BF7E-0C74B816E014}.Debug|Any CPU.Build.0 = Debug|Any CPU
		{F0C3C2A2-2AD8-4397-BF7E-0C74B816E014}.Release|Any CPU.ActiveCfg = Release|Any CPU
		{F0C3C2A2-2AD8-4397-BF7E-0C74B816E014}.Release|Any CPU.Build.0 = Release|Any CPU
		{30A54B66-9E2D-4C41-9CBB-70FEF99FC5B6}.Debug|Any CPU.ActiveCfg = Debug|Any CPU
		{30A54B66-9E2D-4C41-9CBB-70FEF99FC5B6}.Debug|Any CPU.Build.0 = Debug|Any CPU
		{30A54B66-9E2D-4C41-9CBB-70FEF99FC5B6}.Release|Any CPU.ActiveCfg = Release|Any CPU
		{30A54B66-9E2D-4C41-9CBB-70FEF99FC5B6}.Release|Any CPU.Build.0 = Release|Any CPU
		{43B8F49B-CE91-4F61-B606-6A97CD758F18}.Debug|Any CPU.ActiveCfg = Debug|Any CPU
		{43B8F49B-CE91-4F61-B606-6A97CD758F18}.Debug|Any CPU.Build.0 = Debug|Any CPU
		{43B8F49B-CE91-4F61-B606-6A97CD758F18}.Release|Any CPU.ActiveCfg = Release|Any CPU
		{43B8F49B-CE91-4F61-B606-6A97CD758F18}.Release|Any CPU.Build.0 = Release|Any CPU
	EndGlobalSection
	GlobalSection(SolutionProperties) = preSolution
		HideSolutionNode = FALSE
	EndGlobalSection
EndGlobal
